// !$*UTF8*$!
{
	archiveVersion = 1;
	classes = {
	};
	objectVersion = 45;
	objects = {

/* Begin PBXBuildFile section */
		1D3623260D0F684500981E51 /* FacebookUploadAppDelegate.m in Sources */ = {isa = PBXBuildFile; fileRef = 1D3623250D0F684500981E51 /* FacebookUploadAppDelegate.m */; };
		1D60589B0D05DD56006BFB54 /* main.m in Sources */ = {isa = PBXBuildFile; fileRef = 29B97316FDCFA39411CA2CEA /* main.m */; };
		1D60589F0D05DD5A006BFB54 /* Foundation.framework in Frameworks */ = {isa = PBXBuildFile; fileRef = 1D30AB110D05D00D00671497 /* Foundation.framework */; };
		1DF5F4E00D08C38300B7A737 /* UIKit.framework in Frameworks */ = {isa = PBXBuildFile; fileRef = 1DF5F4DF0D08C38300B7A737 /* UIKit.framework */; };
		288765FD0DF74451002DB57D /* CoreGraphics.framework in Frameworks */ = {isa = PBXBuildFile; fileRef = 288765FC0DF74451002DB57D /* CoreGraphics.framework */; };
		28AD733F0D9D9553002E5188 /* MainWindow.xib in Resources */ = {isa = PBXBuildFile; fileRef = 28AD733E0D9D9553002E5188 /* MainWindow.xib */; };
		E43E626A12465D4100B08062 /* FBDialog.bundle in Resources */ = {isa = PBXBuildFile; fileRef = E43E625212465D4100B08062 /* FBDialog.bundle */; };
		E43E626B12465D4100B08062 /* NSObject+SBJSON.m in Sources */ = {isa = PBXBuildFile; fileRef = E43E625612465D4100B08062 /* NSObject+SBJSON.m */; };
		E43E626C12465D4100B08062 /* NSString+SBJSON.m in Sources */ = {isa = PBXBuildFile; fileRef = E43E625812465D4100B08062 /* NSString+SBJSON.m */; };
		E43E626D12465D4100B08062 /* SBJSON.m in Sources */ = {isa = PBXBuildFile; fileRef = E43E625A12465D4100B08062 /* SBJSON.m */; };
		E43E626E12465D4100B08062 /* SBJsonBase.m in Sources */ = {isa = PBXBuildFile; fileRef = E43E625C12465D4100B08062 /* SBJsonBase.m */; };
		E43E626F12465D4100B08062 /* SBJsonParser.m in Sources */ = {isa = PBXBuildFile; fileRef = E43E625E12465D4100B08062 /* SBJsonParser.m */; };
		E43E627012465D4100B08062 /* SBJsonWriter.m in Sources */ = {isa = PBXBuildFile; fileRef = E43E626012465D4100B08062 /* SBJsonWriter.m */; };
		E43E627112465D4100B08062 /* FBRequest.m in Sources */ = {isa = PBXBuildFile; fileRef = E43E626312465D4100B08062 /* FBRequest.m */; };
		E43E627212465D4100B08062 /* Facebook.m in Sources */ = {isa = PBXBuildFile; fileRef = E43E626412465D4100B08062 /* Facebook.m */; };
		E43E627312465D4100B08062 /* FBLoginDialog.m in Sources */ = {isa = PBXBuildFile; fileRef = E43E626712465D4100B08062 /* FBLoginDialog.m */; };
		E43E627412465D4100B08062 /* FBDialog.m in Sources */ = {isa = PBXBuildFile; fileRef = E43E626912465D4100B08062 /* FBDialog.m */; };
		E43E627F12465E9A00B08062 /* FacebookUploadController.m in Sources */ = {isa = PBXBuildFile; fileRef = E43E627E12465E9A00B08062 /* FacebookUploadController.m */; };
		E48BA3D7124EAF320036F994 /* IMG_0015.MOV in Resources */ = {isa = PBXBuildFile; fileRef = E48BA3D6124EAF320036F994 /* IMG_0015.MOV */; };
/* End PBXBuildFile section */

/* Begin PBXFileReference section */
		1D30AB110D05D00D00671497 /* Foundation.framework */ = {isa = PBXFileReference; lastKnownFileType = wrapper.framework; name = Foundation.framework; path = System/Library/Frameworks/Foundation.framework; sourceTree = SDKROOT; };
		1D3623240D0F684500981E51 /* FacebookUploadAppDelegate.h */ = {isa = PBXFileReference; fileEncoding = 4; lastKnownFileType = sourcecode.c.h; path = FacebookUploadAppDelegate.h; sourceTree = "<group>"; };
		1D3623250D0F684500981E51 /* FacebookUploadAppDelegate.m */ = {isa = PBXFileReference; fileEncoding = 4; lastKnownFileType = sourcecode.c.objc; path = FacebookUploadAppDelegate.m; sourceTree = "<group>"; };
		1D6058910D05DD3D006BFB54 /* FacebookUpload.app */ = {isa = PBXFileReference; explicitFileType = wrapper.application; includeInIndex = 0; path = FacebookUpload.app; sourceTree = BUILT_PRODUCTS_DIR; };
		1DF5F4DF0D08C38300B7A737 /* UIKit.framework */ = {isa = PBXFileReference; lastKnownFileType = wrapper.framework; name = UIKit.framework; path = System/Library/Frameworks/UIKit.framework; sourceTree = SDKROOT; };
		288765FC0DF74451002DB57D /* CoreGraphics.framework */ = {isa = PBXFileReference; lastKnownFileType = wrapper.framework; name = CoreGraphics.framework; path = System/Library/Frameworks/CoreGraphics.framework; sourceTree = SDKROOT; };
		28AD733E0D9D9553002E5188 /* MainWindow.xib */ = {isa = PBXFileReference; lastKnownFileType = file.xib; path = MainWindow.xib; sourceTree = "<group>"; };
		29B97316FDCFA39411CA2CEA /* main.m */ = {isa = PBXFileReference; fileEncoding = 4; lastKnownFileType = sourcecode.c.objc; path = main.m; sourceTree = "<group>"; };
		32CA4F630368D1EE00C91783 /* FacebookUpload_Prefix.pch */ = {isa = PBXFileReference; fileEncoding = 4; lastKnownFileType = sourcecode.c.h; path = FacebookUpload_Prefix.pch; sourceTree = "<group>"; };
		8D1107310486CEB800E47090 /* FacebookUpload-Info.plist */ = {isa = PBXFileReference; fileEncoding = 4; lastKnownFileType = text.plist.xml; path = "FacebookUpload-Info.plist"; plistStructureDefinitionIdentifier = "com.apple.xcode.plist.structure-definition.iphone.info-plist"; sourceTree = "<group>"; };
		E43E625212465D4100B08062 /* FBDialog.bundle */ = {isa = PBXFileReference; lastKnownFileType = "wrapper.plug-in"; name = FBDialog.bundle; path = "../../OpenSource/facebook-ios-sdk/src/FBDialog.bundle"; sourceTree = SOURCE_ROOT; };
		E43E625412465D4100B08062 /* JSON.h */ = {isa = PBXFileReference; fileEncoding = 4; lastKnownFileType = sourcecode.c.h; path = JSON.h; sourceTree = "<group>"; };
		E43E625512465D4100B08062 /* NSObject+SBJSON.h */ = {isa = PBXFileReference; fileEncoding = 4; lastKnownFileType = sourcecode.c.h; path = "NSObject+SBJSON.h"; sourceTree = "<group>"; };
		E43E625612465D4100B08062 /* NSObject+SBJSON.m */ = {isa = PBXFileReference; fileEncoding = 4; lastKnownFileType = sourcecode.c.objc; path = "NSObject+SBJSON.m"; sourceTree = "<group>"; };
		E43E625712465D4100B08062 /* NSString+SBJSON.h */ = {isa = PBXFileReference; fileEncoding = 4; lastKnownFileType = sourcecode.c.h; path = "NSString+SBJSON.h"; sourceTree = "<group>"; };
		E43E625812465D4100B08062 /* NSString+SBJSON.m */ = {isa = PBXFileReference; fileEncoding = 4; lastKnownFileType = sourcecode.c.objc; path = "NSString+SBJSON.m"; sourceTree = "<group>"; };
		E43E625912465D4100B08062 /* SBJSON.h */ = {isa = PBXFileReference; fileEncoding = 4; lastKnownFileType = sourcecode.c.h; path = SBJSON.h; sourceTree = "<group>"; };
		E43E625A12465D4100B08062 /* SBJSON.m */ = {isa = PBXFileReference; fileEncoding = 4; lastKnownFileType = sourcecode.c.objc; path = SBJSON.m; sourceTree = "<group>"; };
		E43E625B12465D4100B08062 /* SBJsonBase.h */ = {isa = PBXFileReference; fileEncoding = 4; lastKnownFileType = sourcecode.c.h; path = SBJsonBase.h; sourceTree = "<group>"; };
		E43E625C12465D4100B08062 /* SBJsonBase.m */ = {isa = PBXFileReference; fileEncoding = 4; lastKnownFileType = sourcecode.c.objc; path = SBJsonBase.m; sourceTree = "<group>"; };
		E43E625D12465D4100B08062 /* SBJsonParser.h */ = {isa = PBXFileReference; fileEncoding = 4; lastKnownFileType = sourcecode.c.h; path = SBJsonParser.h; sourceTree = "<group>"; };
		E43E625E12465D4100B08062 /* SBJsonParser.m */ = {isa = PBXFileReference; fileEncoding = 4; lastKnownFileType = sourcecode.c.objc; path = SBJsonParser.m; sourceTree = "<group>"; };
		E43E625F12465D4100B08062 /* SBJsonWriter.h */ = {isa = PBXFileReference; fileEncoding = 4; lastKnownFileType = sourcecode.c.h; path = SBJsonWriter.h; sourceTree = "<group>"; };
		E43E626012465D4100B08062 /* SBJsonWriter.m */ = {isa = PBXFileReference; fileEncoding = 4; lastKnownFileType = sourcecode.c.objc; path = SBJsonWriter.m; sourceTree = "<group>"; };
		E43E626112465D4100B08062 /* FBConnect.h */ = {isa = PBXFileReference; fileEncoding = 4; lastKnownFileType = sourcecode.c.h; name = FBConnect.h; path = "../../OpenSource/facebook-ios-sdk/src/FBConnect.h"; sourceTree = SOURCE_ROOT; };
		E43E626212465D4100B08062 /* FBRequest.h */ = {isa = PBXFileReference; fileEncoding = 4; lastKnownFileType = sourcecode.c.h; name = FBRequest.h; path = "../../OpenSource/facebook-ios-sdk/src/FBRequest.h"; sourceTree = SOURCE_ROOT; };
		E43E626312465D4100B08062 /* FBRequest.m */ = {isa = PBXFileReference; fileEncoding = 4; lastKnownFileType = sourcecode.c.objc; name = FBRequest.m; path = "../../OpenSource/facebook-ios-sdk/src/FBRequest.m"; sourceTree = SOURCE_ROOT; };
		E43E626412465D4100B08062 /* Facebook.m */ = {isa = PBXFileReference; fileEncoding = 4; lastKnownFileType = sourcecode.c.objc; name = Facebook.m; path = "../../OpenSource/facebook-ios-sdk/src/Facebook.m"; sourceTree = SOURCE_ROOT; };
		E43E626512465D4100B08062 /* Facebook.h */ = {isa = PBXFileReference; fileEncoding = 4; lastKnownFileType = sourcecode.c.h; name = Facebook.h; path = "../../OpenSource/facebook-ios-sdk/src/Facebook.h"; sourceTree = SOURCE_ROOT; };
		E43E626612465D4100B08062 /* FBLoginDialog.h */ = {isa = PBXFileReference; fileEncoding = 4; lastKnownFileType = sourcecode.c.h; name = FBLoginDialog.h; path = "../../OpenSource/facebook-ios-sdk/src/FBLoginDialog.h"; sourceTree = SOURCE_ROOT; };
		E43E626712465D4100B08062 /* FBLoginDialog.m */ = {isa = PBXFileReference; fileEncoding = 4; lastKnownFileType = sourcecode.c.objc; name = FBLoginDialog.m; path = "../../OpenSource/facebook-ios-sdk/src/FBLoginDialog.m"; sourceTree = SOURCE_ROOT; };
		E43E626812465D4100B08062 /* FBDialog.h */ = {isa = PBXFileReference; fileEncoding = 4; lastKnownFileType = sourcecode.c.h; name = FBDialog.h; path = "../../OpenSource/facebook-ios-sdk/src/FBDialog.h"; sourceTree = SOURCE_ROOT; };
		E43E626912465D4100B08062 /* FBDialog.m */ = {isa = PBXFileReference; fileEncoding = 4; lastKnownFileType = sourcecode.c.objc; name = FBDialog.m; path = "../../OpenSource/facebook-ios-sdk/src/FBDialog.m"; sourceTree = SOURCE_ROOT; };
		E43E627D12465E9A00B08062 /* FacebookUploadController.h */ = {isa = PBXFileReference; fileEncoding = 4; lastKnownFileType = sourcecode.c.h; path = FacebookUploadController.h; sourceTree = "<group>"; };
		E43E627E12465E9A00B08062 /* FacebookUploadController.m */ = {isa = PBXFileReference; fileEncoding = 4; lastKnownFileType = sourcecode.c.objc; path = FacebookUploadController.m; sourceTree = "<group>"; };
		E48BA3D6124EAF320036F994 /* IMG_0015.MOV */ = {isa = PBXFileReference; lastKnownFileType = video.quicktime; path = IMG_0015.MOV; sourceTree = "<group>"; };
/* End PBXFileReference section */

/* Begin PBXFrameworksBuildPhase section */
		1D60588F0D05DD3D006BFB54 /* Frameworks */ = {
			isa = PBXFrameworksBuildPhase;
			buildActionMask = 2147483647;
			files = (
				1D60589F0D05DD5A006BFB54 /* Foundation.framework in Frameworks */,
				1DF5F4E00D08C38300B7A737 /* UIKit.framework in Frameworks */,
				288765FD0DF74451002DB57D /* CoreGraphics.framework in Frameworks */,
			);
			runOnlyForDeploymentPostprocessing = 0;
		};
/* End PBXFrameworksBuildPhase section */

/* Begin PBXGroup section */
		080E96DDFE201D6D7F000001 /* Classes */ = {
			isa = PBXGroup;
			children = (
				1D3623240D0F684500981E51 /* FacebookUploadAppDelegate.h */,
				1D3623250D0F684500981E51 /* FacebookUploadAppDelegate.m */,
				E43E627D12465E9A00B08062 /* FacebookUploadController.h */,
				E43E627E12465E9A00B08062 /* FacebookUploadController.m */,
			);
			path = Classes;
			sourceTree = "<group>";
		};
		19C28FACFE9D520D11CA2CBB /* Products */ = {
			isa = PBXGroup;
			children = (
				1D6058910D05DD3D006BFB54 /* FacebookUpload.app */,
			);
			name = Products;
			sourceTree = "<group>";
		};
		29B97314FDCFA39411CA2CEA /* CustomTemplate */ = {
			isa = PBXGroup;
			children = (
				E43E625112465D4100B08062 /* FBConnect */,
				080E96DDFE201D6D7F000001 /* Classes */,
				29B97315FDCFA39411CA2CEA /* Other Sources */,
				29B97317FDCFA39411CA2CEA /* Resources */,
				29B97323FDCFA39411CA2CEA /* Frameworks */,
				19C28FACFE9D520D11CA2CBB /* Products */,
			);
			name = CustomTemplate;
			sourceTree = "<group>";
		};
		29B97315FDCFA39411CA2CEA /* Other Sources */ = {
			isa = PBXGroup;
			children = (
				32CA4F630368D1EE00C91783 /* FacebookUpload_Prefix.pch */,
				29B97316FDCFA39411CA2CEA /* main.m */,
			);
			name = "Other Sources";
			sourceTree = "<group>";
		};
		29B97317FDCFA39411CA2CEA /* Resources */ = {
			isa = PBXGroup;
			children = (
				E48BA3D6124EAF320036F994 /* IMG_0015.MOV */,
				28AD733E0D9D9553002E5188 /* MainWindow.xib */,
				8D1107310486CEB800E47090 /* FacebookUpload-Info.plist */,
			);
			name = Resources;
			sourceTree = "<group>";
		};
		29B97323FDCFA39411CA2CEA /* Frameworks */ = {
			isa = PBXGroup;
			children = (
				1DF5F4DF0D08C38300B7A737 /* UIKit.framework */,
				1D30AB110D05D00D00671497 /* Foundation.framework */,
				288765FC0DF74451002DB57D /* CoreGraphics.framework */,
			);
			name = Frameworks;
			sourceTree = "<group>";
		};
		E43E625112465D4100B08062 /* FBConnect */ = {
			isa = PBXGroup;
			children = (
				E43E625212465D4100B08062 /* FBDialog.bundle */,
				E43E625312465D4100B08062 /* JSON */,
				E43E626112465D4100B08062 /* FBConnect.h */,
				E43E626212465D4100B08062 /* FBRequest.h */,
				E43E626312465D4100B08062 /* FBRequest.m */,
				E43E626412465D4100B08062 /* Facebook.m */,
				E43E626512465D4100B08062 /* Facebook.h */,
				E43E626612465D4100B08062 /* FBLoginDialog.h */,
				E43E626712465D4100B08062 /* FBLoginDialog.m */,
				E43E626812465D4100B08062 /* FBDialog.h */,
				E43E626912465D4100B08062 /* FBDialog.m */,
			);
			name = FBConnect;
			sourceTree = "<group>";
		};
		E43E625312465D4100B08062 /* JSON */ = {
			isa = PBXGroup;
			children = (
				E43E625412465D4100B08062 /* JSON.h */,
				E43E625512465D4100B08062 /* NSObject+SBJSON.h */,
				E43E625612465D4100B08062 /* NSObject+SBJSON.m */,
				E43E625712465D4100B08062 /* NSString+SBJSON.h */,
				E43E625812465D4100B08062 /* NSString+SBJSON.m */,
				E43E625912465D4100B08062 /* SBJSON.h */,
				E43E625A12465D4100B08062 /* SBJSON.m */,
				E43E625B12465D4100B08062 /* SBJsonBase.h */,
				E43E625C12465D4100B08062 /* SBJsonBase.m */,
				E43E625D12465D4100B08062 /* SBJsonParser.h */,
				E43E625E12465D4100B08062 /* SBJsonParser.m */,
				E43E625F12465D4100B08062 /* SBJsonWriter.h */,
				E43E626012465D4100B08062 /* SBJsonWriter.m */,
			);
			name = JSON;
			path = "../../OpenSource/facebook-ios-sdk/src/JSON";
			sourceTree = SOURCE_ROOT;
		};
/* End PBXGroup section */

/* Begin PBXNativeTarget section */
		1D6058900D05DD3D006BFB54 /* FacebookUpload */ = {
			isa = PBXNativeTarget;
			buildConfigurationList = 1D6058960D05DD3E006BFB54 /* Build configuration list for PBXNativeTarget "FacebookUpload" */;
			buildPhases = (
				1D60588D0D05DD3D006BFB54 /* Resources */,
				1D60588E0D05DD3D006BFB54 /* Sources */,
				1D60588F0D05DD3D006BFB54 /* Frameworks */,
			);
			buildRules = (
			);
			dependencies = (
			);
			name = FacebookUpload;
			productName = FacebookUpload;
			productReference = 1D6058910D05DD3D006BFB54 /* FacebookUpload.app */;
			productType = "com.apple.product-type.application";
		};
/* End PBXNativeTarget section */

/* Begin PBXProject section */
		29B97313FDCFA39411CA2CEA /* Project object */ = {
			isa = PBXProject;
			buildConfigurationList = C01FCF4E08A954540054247B /* Build configuration list for PBXProject "FacebookUpload" */;
			compatibilityVersion = "Xcode 3.1";
			developmentRegion = English;
			hasScannedForEncodings = 1;
			knownRegions = (
				English,
				Japanese,
				French,
				German,
			);
			mainGroup = 29B97314FDCFA39411CA2CEA /* CustomTemplate */;
			projectDirPath = "";
			projectRoot = "";
			targets = (
				1D6058900D05DD3D006BFB54 /* FacebookUpload */,
			);
		};
/* End PBXProject section */

/* Begin PBXResourcesBuildPhase section */
		1D60588D0D05DD3D006BFB54 /* Resources */ = {
			isa = PBXResourcesBuildPhase;
			buildActionMask = 2147483647;
			files = (
				28AD733F0D9D9553002E5188 /* MainWindow.xib in Resources */,
				E43E626A12465D4100B08062 /* FBDialog.bundle in Resources */,
				E48BA3D7124EAF320036F994 /* IMG_0015.MOV in Resources */,
			);
			runOnlyForDeploymentPostprocessing = 0;
		};
/* End PBXResourcesBuildPhase section */

/* Begin PBXSourcesBuildPhase section */
		1D60588E0D05DD3D006BFB54 /* Sources */ = {
			isa = PBXSourcesBuildPhase;
			buildActionMask = 2147483647;
			files = (
				1D60589B0D05DD56006BFB54 /* main.m in Sources */,
				1D3623260D0F684500981E51 /* FacebookUploadAppDelegate.m in Sources */,
				E43E626B12465D4100B08062 /* NSObject+SBJSON.m in Sources */,
				E43E626C12465D4100B08062 /* NSString+SBJSON.m in Sources */,
				E43E626D12465D4100B08062 /* SBJSON.m in Sources */,
				E43E626E12465D4100B08062 /* SBJsonBase.m in Sources */,
				E43E626F12465D4100B08062 /* SBJsonParser.m in Sources */,
				E43E627012465D4100B08062 /* SBJsonWriter.m in Sources */,
				E43E627112465D4100B08062 /* FBRequest.m in Sources */,
				E43E627212465D4100B08062 /* Facebook.m in Sources */,
				E43E627312465D4100B08062 /* FBLoginDialog.m in Sources */,
				E43E627412465D4100B08062 /* FBDialog.m in Sources */,
				E43E627F12465E9A00B08062 /* FacebookUploadController.m in Sources */,
			);
			runOnlyForDeploymentPostprocessing = 0;
		};
/* End PBXSourcesBuildPhase section */

/* Begin XCBuildConfiguration section */
		1D6058940D05DD3E006BFB54 /* Debug */ = {
			isa = XCBuildConfiguration;
			buildSettings = {
				ALWAYS_SEARCH_USER_PATHS = NO;
				COPY_PHASE_STRIP = NO;
				GCC_DYNAMIC_NO_PIC = NO;
				GCC_OPTIMIZATION_LEVEL = 0;
				GCC_PRECOMPILE_PREFIX_HEADER = YES;
				GCC_PREFIX_HEADER = FacebookUpload_Prefix.pch;
				INFOPLIST_FILE = "FacebookUpload-Info.plist";
				PRODUCT_NAME = FacebookUpload;
			};
			name = Debug;
		};
		1D6058950D05DD3E006BFB54 /* Release */ = {
			isa = XCBuildConfiguration;
			buildSettings = {
				ALWAYS_SEARCH_USER_PATHS = NO;
				COPY_PHASE_STRIP = YES;
				GCC_PRECOMPILE_PREFIX_HEADER = YES;
				GCC_PREFIX_HEADER = FacebookUpload_Prefix.pch;
				INFOPLIST_FILE = "FacebookUpload-Info.plist";
				PRODUCT_NAME = FacebookUpload;
				VALIDATE_PRODUCT = YES;
			};
			name = Release;
		};
		C01FCF4F08A954540054247B /* Debug */ = {
			isa = XCBuildConfiguration;
			buildSettings = {
				ARCHS = "$(ARCHS_STANDARD_32_BIT)";
				"CODE_SIGN_IDENTITY[sdk=iphoneos*]" = "iPhone Developer";
				GCC_C_LANGUAGE_STANDARD = c99;
				GCC_WARN_ABOUT_RETURN_TYPE = YES;
				GCC_WARN_UNUSED_VARIABLE = YES;
				PREBINDING = NO;
				SDKROOT = iphoneos4.1;
			};
			name = Debug;
		};
		C01FCF5008A954540054247B /* Release */ = {
			isa = XCBuildConfiguration;
			buildSettings = {
				ARCHS = "$(ARCHS_STANDARD_32_BIT)";
				"CODE_SIGN_IDENTITY[sdk=iphoneos*]" = "iPhone Developer";
				GCC_C_LANGUAGE_STANDARD = c99;
				GCC_WARN_ABOUT_RETURN_TYPE = YES;
				GCC_WARN_UNUSED_VARIABLE = YES;
				OTHER_CFLAGS = "-DNS_BLOCK_ASSERTIONS=1";
				PREBINDING = NO;
				SDKROOT = iphoneos4.1;
			};
			name = Release;
		};
/* End XCBuildConfiguration section */

/* Begin XCConfigurationList section */
		1D6058960D05DD3E006BFB54 /* Build configuration list for PBXNativeTarget "FacebookUpload" */ = {
			isa = XCConfigurationList;
			buildConfigurations = (
				1D6058940D05DD3E006BFB54 /* Debug */,
				1D6058950D05DD3E006BFB54 /* Release */,
			);
			defaultConfigurationIsVisible = 0;
			defaultConfigurationName = Release;
		};
		C01FCF4E08A954540054247B /* Build configuration list for PBXProject "FacebookUpload" */ = {
			isa = XCConfigurationList;
			buildConfigurations = (
				C01FCF4F08A954540054247B /* Debug */,
				C01FCF5008A954540054247B /* Release */,
			);
			defaultConfigurationIsVisible = 0;
			defaultConfigurationName = Release;
		};
/* End XCConfigurationList section */
	};
	rootObject = 29B97313FDCFA39411CA2CEA /* Project object */;
}
